// !$*UTF8*$!
{
	archiveVersion = 1;
	classes = {
	};
	objectVersion = 56;
	objects = {

/* Begin PBXBuildFile section */
		D08E756F2B34C2210019AA9A /* zad3coredApp.swift in Sources */ = {isa = PBXBuildFile; fileRef = D08E756E2B34C2210019AA9A /* zad3coredApp.swift */; };
		D08E75732B34C2230019AA9A /* Assets.xcassets in Resources */ = {isa = PBXBuildFile; fileRef = D08E75722B34C2230019AA9A /* Assets.xcassets */; };
		D08E75762B34C2230019AA9A /* Preview Assets.xcassets in Resources */ = {isa = PBXBuildFile; fileRef = D08E75752B34C2230019AA9A /* Preview Assets.xcassets */; };
		D08E75782B34C2230019AA9A /* Persistence.swift in Sources */ = {isa = PBXBuildFile; fileRef = D08E75772B34C2230019AA9A /* Persistence.swift */; };
		D08E757B2B34C2230019AA9A /* zad3cored.xcdatamodeld in Sources */ = {isa = PBXBuildFile; fileRef = D08E75792B34C2230019AA9A /* zad3cored.xcdatamodeld */; };
		D08E75852B34C2230019AA9A /* zad3coredTests.swift in Sources */ = {isa = PBXBuildFile; fileRef = D08E75842B34C2230019AA9A /* zad3coredTests.swift */; };
		D08E758F2B34C2230019AA9A /* zad3coredUITests.swift in Sources */ = {isa = PBXBuildFile; fileRef = D08E758E2B34C2230019AA9A /* zad3coredUITests.swift */; };
		D08E75912B34C2230019AA9A /* zad3coredUITestsLaunchTests.swift in Sources */ = {isa = PBXBuildFile; fileRef = D08E75902B34C2230019AA9A /* zad3coredUITestsLaunchTests.swift */; };
		D08E759E2B34C3C30019AA9A /* CoreDataStack.swift in Sources */ = {isa = PBXBuildFile; fileRef = D08E759D2B34C3C30019AA9A /* CoreDataStack.swift */; };
		D08E75A02B34C3EA0019AA9A /* ProductsView.swift in Sources */ = {isa = PBXBuildFile; fileRef = D08E759F2B34C3EA0019AA9A /* ProductsView.swift */; };
		D08E75A22B34C4090019AA9A /* ProductDetailView.swift in Sources */ = {isa = PBXBuildFile; fileRef = D08E75A12B34C4090019AA9A /* ProductDetailView.swift */; };
		D08E75A42B34C6FC0019AA9A /* DataInitializer.swift in Sources */ = {isa = PBXBuildFile; fileRef = D08E75A32B34C6FC0019AA9A /* DataInitializer.swift */; };
		D08E75A62B34CC580019AA9A /* fixtures.json in Resources */ = {isa = PBXBuildFile; fileRef = D08E75A52B34CC580019AA9A /* fixtures.json */; };
		D08E75A72B34CE0C0019AA9A /* fixtures.json in Resources */ = {isa = PBXBuildFile; fileRef = D08E75A52B34CC580019AA9A /* fixtures.json */; };
		D08E75A82B34CE0C0019AA9A /* fixtures.json in Resources */ = {isa = PBXBuildFile; fileRef = D08E75A52B34CC580019AA9A /* fixtures.json */; };
/* End PBXBuildFile section */

/* Begin PBXContainerItemProxy section */
		D08E75812B34C2230019AA9A /* PBXContainerItemProxy */ = {
			isa = PBXContainerItemProxy;
			containerPortal = D08E75632B34C2210019AA9A /* Project object */;
			proxyType = 1;
			remoteGlobalIDString = D08E756A2B34C2210019AA9A;
			remoteInfo = zad3cored;
		};
		D08E758B2B34C2230019AA9A /* PBXContainerItemProxy */ = {
			isa = PBXContainerItemProxy;
			containerPortal = D08E75632B34C2210019AA9A /* Project object */;
			proxyType = 1;
			remoteGlobalIDString = D08E756A2B34C2210019AA9A;
			remoteInfo = zad3cored;
		};
/* End PBXContainerItemProxy section */

/* Begin PBXFileReference section */
		D08E756B2B34C2210019AA9A /* zad3cored.app */ = {isa = PBXFileReference; explicitFileType = wrapper.application; includeInIndex = 0; path = zad3cored.app; sourceTree = BUILT_PRODUCTS_DIR; };
		D08E756E2B34C2210019AA9A /* zad3coredApp.swift */ = {isa = PBXFileReference; lastKnownFileType = sourcecode.swift; path = zad3coredApp.swift; sourceTree = "<group>"; };
		D08E75722B34C2230019AA9A /* Assets.xcassets */ = {isa = PBXFileReference; lastKnownFileType = folder.assetcatalog; path = Assets.xcassets; sourceTree = "<group>"; };
		D08E75752B34C2230019AA9A /* Preview Assets.xcassets */ = {isa = PBXFileReference; lastKnownFileType = folder.assetcatalog; path = "Preview Assets.xcassets"; sourceTree = "<group>"; };
		D08E75772B34C2230019AA9A /* Persistence.swift */ = {isa = PBXFileReference; lastKnownFileType = sourcecode.swift; path = Persistence.swift; sourceTree = "<group>"; };
		D08E757A2B34C2230019AA9A /* zad3cored.xcdatamodel */ = {isa = PBXFileReference; lastKnownFileType = wrapper.xcdatamodel; path = zad3cored.xcdatamodel; sourceTree = "<group>"; };
		D08E75802B34C2230019AA9A /* zad3coredTests.xctest */ = {isa = PBXFileReference; explicitFileType = wrapper.cfbundle; includeInIndex = 0; path = zad3coredTests.xctest; sourceTree = BUILT_PRODUCTS_DIR; };
		D08E75842B34C2230019AA9A /* zad3coredTests.swift */ = {isa = PBXFileReference; lastKnownFileType = sourcecode.swift; path = zad3coredTests.swift; sourceTree = "<group>"; };
		D08E758A2B34C2230019AA9A /* zad3coredUITests.xctest */ = {isa = PBXFileReference; explicitFileType = wrapper.cfbundle; includeInIndex = 0; path = zad3coredUITests.xctest; sourceTree = BUILT_PRODUCTS_DIR; };
		D08E758E2B34C2230019AA9A /* zad3coredUITests.swift */ = {isa = PBXFileReference; lastKnownFileType = sourcecode.swift; path = zad3coredUITests.swift; sourceTree = "<group>"; };
		D08E75902B34C2230019AA9A /* zad3coredUITestsLaunchTests.swift */ = {isa = PBXFileReference; lastKnownFileType = sourcecode.swift; path = zad3coredUITestsLaunchTests.swift; sourceTree = "<group>"; };
		D08E759D2B34C3C30019AA9A /* CoreDataStack.swift */ = {isa = PBXFileReference; lastKnownFileType = sourcecode.swift; path = CoreDataStack.swift; sourceTree = "<group>"; };
		D08E759F2B34C3EA0019AA9A /* ProductsView.swift */ = {isa = PBXFileReference; lastKnownFileType = sourcecode.swift; path = ProductsView.swift; sourceTree = "<group>"; };
		D08E75A12B34C4090019AA9A /* ProductDetailView.swift */ = {isa = PBXFileReference; lastKnownFileType = sourcecode.swift; path = ProductDetailView.swift; sourceTree = "<group>"; };
		D08E75A32B34C6FC0019AA9A /* DataInitializer.swift */ = {isa = PBXFileReference; lastKnownFileType = sourcecode.swift; path = DataInitializer.swift; sourceTree = "<group>"; };
		D08E75A52B34CC580019AA9A /* fixtures.json */ = {isa = PBXFileReference; lastKnownFileType = text.json; path = fixtures.json; sourceTree = "<group>"; };
/* End PBXFileReference section */

/* Begin PBXFrameworksBuildPhase section */
		D08E75682B34C2210019AA9A /* Frameworks */ = {
			isa = PBXFrameworksBuildPhase;
			buildActionMask = 2147483647;
			files = (
			);
			runOnlyForDeploymentPostprocessing = 0;
		};
		D08E757D2B34C2230019AA9A /* Frameworks */ = {
			isa = PBXFrameworksBuildPhase;
			buildActionMask = 2147483647;
			files = (
			);
			runOnlyForDeploymentPostprocessing = 0;
		};
		D08E75872B34C2230019AA9A /* Frameworks */ = {
			isa = PBXFrameworksBuildPhase;
			buildActionMask = 2147483647;
			files = (
			);
			runOnlyForDeploymentPostprocessing = 0;
		};
/* End PBXFrameworksBuildPhase section */

/* Begin PBXGroup section */
		D08E75622B34C2210019AA9A = {
			isa = PBXGroup;
			children = (
				D08E756D2B34C2210019AA9A /* zad3cored */,
				D08E75832B34C2230019AA9A /* zad3coredTests */,
				D08E758D2B34C2230019AA9A /* zad3coredUITests */,
				D08E756C2B34C2210019AA9A /* Products */,
			);
			sourceTree = "<group>";
		};
		D08E756C2B34C2210019AA9A /* Products */ = {
			isa = PBXGroup;
			children = (
				D08E756B2B34C2210019AA9A /* zad3cored.app */,
				D08E75802B34C2230019AA9A /* zad3coredTests.xctest */,
				D08E758A2B34C2230019AA9A /* zad3coredUITests.xctest */,
			);
			name = Products;
			sourceTree = "<group>";
		};
		D08E756D2B34C2210019AA9A /* zad3cored */ = {
			isa = PBXGroup;
			children = (
				D08E756E2B34C2210019AA9A /* zad3coredApp.swift */,
				D08E75722B34C2230019AA9A /* Assets.xcassets */,
				D08E75772B34C2230019AA9A /* Persistence.swift */,
				D08E75792B34C2230019AA9A /* zad3cored.xcdatamodeld */,
				D08E75742B34C2230019AA9A /* Preview Content */,
				D08E759D2B34C3C30019AA9A /* CoreDataStack.swift */,
				D08E759F2B34C3EA0019AA9A /* ProductsView.swift */,
				D08E75A12B34C4090019AA9A /* ProductDetailView.swift */,
				D08E75A32B34C6FC0019AA9A /* DataInitializer.swift */,
				D08E75A52B34CC580019AA9A /* fixtures.json */,
			);
			path = zad3cored;
			sourceTree = "<group>";
		};
		D08E75742B34C2230019AA9A /* Preview Content */ = {
			isa = PBXGroup;
			children = (
				D08E75752B34C2230019AA9A /* Preview Assets.xcassets */,
			);
			path = "Preview Content";
			sourceTree = "<group>";
		};
		D08E75832B34C2230019AA9A /* zad3coredTests */ = {
			isa = PBXGroup;
			children = (
				D08E75842B34C2230019AA9A /* zad3coredTests.swift */,
			);
			path = zad3coredTests;
			sourceTree = "<group>";
		};
		D08E758D2B34C2230019AA9A /* zad3coredUITests */ = {
			isa = PBXGroup;
			children = (
				D08E758E2B34C2230019AA9A /* zad3coredUITests.swift */,
				D08E75902B34C2230019AA9A /* zad3coredUITestsLaunchTests.swift */,
			);
			path = zad3coredUITests;
			sourceTree = "<group>";
		};
/* End PBXGroup section */

/* Begin PBXNativeTarget section */
		D08E756A2B34C2210019AA9A /* zad3cored */ = {
			isa = PBXNativeTarget;
			buildConfigurationList = D08E75942B34C2230019AA9A /* Build configuration list for PBXNativeTarget "zad3cored" */;
			buildPhases = (
				D08E75672B34C2210019AA9A /* Sources */,
				D08E75682B34C2210019AA9A /* Frameworks */,
				D08E75692B34C2210019AA9A /* Resources */,
			);
			buildRules = (
			);
			dependencies = (
			);
			name = zad3cored;
			productName = zad3cored;
			productReference = D08E756B2B34C2210019AA9A /* zad3cored.app */;
			productType = "com.apple.product-type.application";
		};
		D08E757F2B34C2230019AA9A /* zad3coredTests */ = {
			isa = PBXNativeTarget;
			buildConfigurationList = D08E75972B34C2230019AA9A /* Build configuration list for PBXNativeTarget "zad3coredTests" */;
			buildPhases = (
				D08E757C2B34C2230019AA9A /* Sources */,
				D08E757D2B34C2230019AA9A /* Frameworks */,
				D08E757E2B34C2230019AA9A /* Resources */,
			);
			buildRules = (
			);
			dependencies = (
				D08E75822B34C2230019AA9A /* PBXTargetDependency */,
			);
			name = zad3coredTests;
			productName = zad3coredTests;
			productReference = D08E75802B34C2230019AA9A /* zad3coredTests.xctest */;
			productType = "com.apple.product-type.bundle.unit-test";
		};
		D08E75892B34C2230019AA9A /* zad3coredUITests */ = {
			isa = PBXNativeTarget;
			buildConfigurationList = D08E759A2B34C2230019AA9A /* Build configuration list for PBXNativeTarget "zad3coredUITests" */;
			buildPhases = (
				D08E75862B34C2230019AA9A /* Sources */,
				D08E75872B34C2230019AA9A /* Frameworks */,
				D08E75882B34C2230019AA9A /* Resources */,
			);
			buildRules = (
			);
			dependencies = (
				D08E758C2B34C2230019AA9A /* PBXTargetDependency */,
			);
			name = zad3coredUITests;
			productName = zad3coredUITests;
			productReference = D08E758A2B34C2230019AA9A /* zad3coredUITests.xctest */;
			productType = "com.apple.product-type.bundle.ui-testing";
		};
/* End PBXNativeTarget section */

/* Begin PBXProject section */
		D08E75632B34C2210019AA9A /* Project object */ = {
			isa = PBXProject;
			attributes = {
				BuildIndependentTargetsInParallel = 1;
				LastSwiftUpdateCheck = 1500;
				LastUpgradeCheck = 1500;
				TargetAttributes = {
					D08E756A2B34C2210019AA9A = {
						CreatedOnToolsVersion = 15.0.1;
					};
					D08E757F2B34C2230019AA9A = {
						CreatedOnToolsVersion = 15.0.1;
						TestTargetID = D08E756A2B34C2210019AA9A;
					};
					D08E75892B34C2230019AA9A = {
						CreatedOnToolsVersion = 15.0.1;
						TestTargetID = D08E756A2B34C2210019AA9A;
					};
				};
			};
			buildConfigurationList = D08E75662B34C2210019AA9A /* Build configuration list for PBXProject "zad3cored" */;
			compatibilityVersion = "Xcode 14.0";
			developmentRegion = en;
			hasScannedForEncodings = 0;
			knownRegions = (
				en,
				Base,
			);
			mainGroup = D08E75622B34C2210019AA9A;
			productRefGroup = D08E756C2B34C2210019AA9A /* Products */;
			projectDirPath = "";
			projectRoot = "";
			targets = (
				D08E756A2B34C2210019AA9A /* zad3cored */,
				D08E757F2B34C2230019AA9A /* zad3coredTests */,
				D08E75892B34C2230019AA9A /* zad3coredUITests */,
			);
		};
/* End PBXProject section */

/* Begin PBXResourcesBuildPhase section */
		D08E75692B34C2210019AA9A /* Resources */ = {
			isa = PBXResourcesBuildPhase;
			buildActionMask = 2147483647;
			files = (
				D08E75A62B34CC580019AA9A /* fixtures.json in Resources */,
				D08E75762B34C2230019AA9A /* Preview Assets.xcassets in Resources */,
				D08E75732B34C2230019AA9A /* Assets.xcassets in Resources */,
			);
			runOnlyForDeploymentPostprocessing = 0;
		};
		D08E757E2B34C2230019AA9A /* Resources */ = {
			isa = PBXResourcesBuildPhase;
			buildActionMask = 2147483647;
			files = (
				D08E75A72B34CE0C0019AA9A /* fixtures.json in Resources */,
			);
			runOnlyForDeploymentPostprocessing = 0;
		};
		D08E75882B34C2230019AA9A /* Resources */ = {
			isa = PBXResourcesBuildPhase;
			buildActionMask = 2147483647;
			files = (
				D08E75A82B34CE0C0019AA9A /* fixtures.json in Resources */,
			);
			runOnlyForDeploymentPostprocessing = 0;
		};
/* End PBXResourcesBuildPhase section */

/* Begin PBXSourcesBuildPhase section */
		D08E75672B34C2210019AA9A /* Sources */ = {
			isa = PBXSourcesBuildPhase;
			buildActionMask = 2147483647;
			files = (
				D08E759E2B34C3C30019AA9A /* CoreDataStack.swift in Sources */,
				D08E75A22B34C4090019AA9A /* ProductDetailView.swift in Sources */,
				D08E75782B34C2230019AA9A /* Persistence.swift in Sources */,
				D08E75A02B34C3EA0019AA9A /* ProductsView.swift in Sources */,
				D08E757B2B34C2230019AA9A /* zad3cored.xcdatamodeld in Sources */,
				D08E75A42B34C6FC0019AA9A /* DataInitializer.swift in Sources */,
				D08E756F2B34C2210019AA9A /* zad3coredApp.swift in Sources */,
			);
			runOnlyForDeploymentPostprocessing = 0;
		};
		D08E757C2B34C2230019AA9A /* Sources */ = {
			isa = PBXSourcesBuildPhase;
			buildActionMask = 2147483647;
			files = (
				D08E75852B34C2230019AA9A /* zad3coredTests.swift in Sources */,
			);
			runOnlyForDeploymentPostprocessing = 0;
		};
		D08E75862B34C2230019AA9A /* Sources */ = {
			isa = PBXSourcesBuildPhase;
			buildActionMask = 2147483647;
			files = (
				D08E75912B34C2230019AA9A /* zad3coredUITestsLaunchTests.swift in Sources */,
				D08E758F2B34C2230019AA9A /* zad3coredUITests.swift in Sources */,
			);
			runOnlyForDeploymentPostprocessing = 0;
		};
/* End PBXSourcesBuildPhase section */

/* Begin PBXTargetDependency section */
		D08E75822B34C2230019AA9A /* PBXTargetDependency */ = {
			isa = PBXTargetDependency;
			target = D08E756A2B34C2210019AA9A /* zad3cored */;
			targetProxy = D08E75812B34C2230019AA9A /* PBXContainerItemProxy */;
		};
		D08E758C2B34C2230019AA9A /* PBXTargetDependency */ = {
			isa = PBXTargetDependency;
			target = D08E756A2B34C2210019AA9A /* zad3cored */;
			targetProxy = D08E758B2B34C2230019AA9A /* PBXContainerItemProxy */;
		};
/* End PBXTargetDependency section */

/* Begin XCBuildConfiguration section */
		D08E75922B34C2230019AA9A /* Debug */ = {
			isa = XCBuildConfiguration;
			buildSettings = {
				ALWAYS_SEARCH_USER_PATHS = NO;
				ASSETCATALOG_COMPILER_GENERATE_SWIFT_ASSET_SYMBOL_EXTENSIONS = YES;
				CLANG_ANALYZER_NONNULL = YES;
				CLANG_ANALYZER_NUMBER_OBJECT_CONVERSION = YES_AGGRESSIVE;
				CLANG_CXX_LANGUAGE_STANDARD = "gnu++20";
				CLANG_ENABLE_MODULES = YES;
				CLANG_ENABLE_OBJC_ARC = YES;
				CLANG_ENABLE_OBJC_WEAK = YES;
				CLANG_WARN_BLOCK_CAPTURE_AUTORELEASING = YES;
				CLANG_WARN_BOOL_CONVERSION = YES;
				CLANG_WARN_COMMA = YES;
				CLANG_WARN_CONSTANT_CONVERSION = YES;
				CLANG_WARN_DEPRECATED_OBJC_IMPLEMENTATIONS = YES;
				CLANG_WARN_DIRECT_OBJC_ISA_USAGE = YES_ERROR;
				CLANG_WARN_DOCUMENTATION_COMMENTS = YES;
				CLANG_WARN_EMPTY_BODY = YES;
				CLANG_WARN_ENUM_CONVERSION = YES;
				CLANG_WARN_INFINITE_RECURSION = YES;
				CLANG_WARN_INT_CONVERSION = YES;
				CLANG_WARN_NON_LITERAL_NULL_CONVERSION = YES;
				CLANG_WARN_OBJC_IMPLICIT_RETAIN_SELF = YES;
				CLANG_WARN_OBJC_LITERAL_CONVERSION = YES;
				CLANG_WARN_OBJC_ROOT_CLASS = YES_ERROR;
				CLANG_WARN_QUOTED_INCLUDE_IN_FRAMEWORK_HEADER = YES;
				CLANG_WARN_RANGE_LOOP_ANALYSIS = YES;
				CLANG_WARN_STRICT_PROTOTYPES = YES;
				CLANG_WARN_SUSPICIOUS_MOVE = YES;
				CLANG_WARN_UNGUARDED_AVAILABILITY = YES_AGGRESSIVE;
				CLANG_WARN_UNREACHABLE_CODE = YES;
				CLANG_WARN__DUPLICATE_METHOD_MATCH = YES;
				COPY_PHASE_STRIP = NO;
				DEBUG_INFORMATION_FORMAT = dwarf;
				ENABLE_STRICT_OBJC_MSGSEND = YES;
				ENABLE_TESTABILITY = YES;
				ENABLE_USER_SCRIPT_SANDBOXING = YES;
				GCC_C_LANGUAGE_STANDARD = gnu17;
				GCC_DYNAMIC_NO_PIC = NO;
				GCC_NO_COMMON_BLOCKS = YES;
				GCC_OPTIMIZATION_LEVEL = 0;
				GCC_PREPROCESSOR_DEFINITIONS = (
					"DEBUG=1",
					"$(inherited)",
				);
				GCC_WARN_64_TO_32_BIT_CONVERSION = YES;
				GCC_WARN_ABOUT_RETURN_TYPE = YES_ERROR;
				GCC_WARN_UNDECLARED_SELECTOR = YES;
				GCC_WARN_UNINITIALIZED_AUTOS = YES_AGGRESSIVE;
				GCC_WARN_UNUSED_FUNCTION = YES;
				GCC_WARN_UNUSED_VARIABLE = YES;
				IPHONEOS_DEPLOYMENT_TARGET = 17.0;
				LOCALIZATION_PREFERS_STRING_CATALOGS = YES;
				MTL_ENABLE_DEBUG_INFO = INCLUDE_SOURCE;
				MTL_FAST_MATH = YES;
				ONLY_ACTIVE_ARCH = YES;
				SDKROOT = iphoneos;
				SWIFT_ACTIVE_COMPILATION_CONDITIONS = "DEBUG $(inherited)";
				SWIFT_OPTIMIZATION_LEVEL = "-Onone";
			};
			name = Debug;
		};
		D08E75932B34C2230019AA9A /* Release */ = {
			isa = XCBuildConfiguration;
			buildSettings = {
				ALWAYS_SEARCH_USER_PATHS = NO;
				ASSETCATALOG_COMPILER_GENERATE_SWIFT_ASSET_SYMBOL_EXTENSIONS = YES;
				CLANG_ANALYZER_NONNULL = YES;
				CLANG_ANALYZER_NUMBER_OBJECT_CONVERSION = YES_AGGRESSIVE;
				CLANG_CXX_LANGUAGE_STANDARD = "gnu++20";
				CLANG_ENABLE_MODULES = YES;
				CLANG_ENABLE_OBJC_ARC = YES;
				CLANG_ENABLE_OBJC_WEAK = YES;
				CLANG_WARN_BLOCK_CAPTURE_AUTORELEASING = YES;
				CLANG_WARN_BOOL_CONVERSION = YES;
				CLANG_WARN_COMMA = YES;
				CLANG_WARN_CONSTANT_CONVERSION = YES;
				CLANG_WARN_DEPRECATED_OBJC_IMPLEMENTATIONS = YES;
				CLANG_WARN_DIRECT_OBJC_ISA_USAGE = YES_ERROR;
				CLANG_WARN_DOCUMENTATION_COMMENTS = YES;
				CLANG_WARN_EMPTY_BODY = YES;
				CLANG_WARN_ENUM_CONVERSION = YES;
				CLANG_WARN_INFINITE_RECURSION = YES;
				CLANG_WARN_INT_CONVERSION = YES;
				CLANG_WARN_NON_LITERAL_NULL_CONVERSION = YES;
				CLANG_WARN_OBJC_IMPLICIT_RETAIN_SELF = YES;
				CLANG_WARN_OBJC_LITERAL_CONVERSION = YES;
				CLANG_WARN_OBJC_ROOT_CLASS = YES_ERROR;
				CLANG_WARN_QUOTED_INCLUDE_IN_FRAMEWORK_HEADER = YES;
				CLANG_WARN_RANGE_LOOP_ANALYSIS = YES;
				CLANG_WARN_STRICT_PROTOTYPES = YES;
				CLANG_WARN_SUSPICIOUS_MOVE = YES;
				CLANG_WARN_UNGUARDED_AVAILABILITY = YES_AGGRESSIVE;
				CLANG_WARN_UNREACHABLE_CODE = YES;
				CLANG_WARN__DUPLICATE_METHOD_MATCH = YES;
				COPY_PHASE_STRIP = NO;
				DEBUG_INFORMATION_FORMAT = "dwarf-with-dsym";
				ENABLE_NS_ASSERTIONS = NO;
				ENABLE_STRICT_OBJC_MSGSEND = YES;
				ENABLE_USER_SCRIPT_SANDBOXING = YES;
				GCC_C_LANGUAGE_STANDARD = gnu17;
				GCC_NO_COMMON_BLOCKS = YES;
				GCC_WARN_64_TO_32_BIT_CONVERSION = YES;
				GCC_WARN_ABOUT_RETURN_TYPE = YES_ERROR;
				GCC_WARN_UNDECLARED_SELECTOR = YES;
				GCC_WARN_UNINITIALIZED_AUTOS = YES_AGGRESSIVE;
				GCC_WARN_UNUSED_FUNCTION = YES;
				GCC_WARN_UNUSED_VARIABLE = YES;
				IPHONEOS_DEPLOYMENT_TARGET = 17.0;
				LOCALIZATION_PREFERS_STRING_CATALOGS = YES;
				MTL_ENABLE_DEBUG_INFO = NO;
				MTL_FAST_MATH = YES;
				SDKROOT = iphoneos;
				SWIFT_COMPILATION_MODE = wholemodule;
				VALIDATE_PRODUCT = YES;
			};
			name = Release;
		};
		D08E75952B34C2230019AA9A /* Debug */ = {
			isa = XCBuildConfiguration;
			buildSettings = {
				ASSETCATALOG_COMPILER_APPICON_NAME = AppIcon;
				ASSETCATALOG_COMPILER_GLOBAL_ACCENT_COLOR_NAME = AccentColor;
				CODE_SIGN_STYLE = Automatic;
				CURRENT_PROJECT_VERSION = 1;
				DEVELOPMENT_ASSET_PATHS = "\"zad3cored/Preview Content\"";
				ENABLE_PREVIEWS = YES;
				GENERATE_INFOPLIST_FILE = YES;
				INFOPLIST_KEY_UIApplicationSceneManifest_Generation = YES;
				INFOPLIST_KEY_UIApplicationSupportsIndirectInputEvents = YES;
				INFOPLIST_KEY_UILaunchScreen_Generation = YES;
				INFOPLIST_KEY_UISupportedInterfaceOrientations_iPad = "UIInterfaceOrientationPortrait UIInterfaceOrientationPortraitUpsideDown UIInterfaceOrientationLandscapeLeft UIInterfaceOrientationLandscapeRight";
				INFOPLIST_KEY_UISupportedInterfaceOrientations_iPhone = "UIInterfaceOrientationPortrait UIInterfaceOrientationLandscapeLeft UIInterfaceOrientationLandscapeRight";
				LD_RUNPATH_SEARCH_PATHS = (
					"$(inherited)",
					"@executable_path/Frameworks",
				);
				MARKETING_VERSION = 1.0;
				PRODUCT_BUNDLE_IDENTIFIER = uj.zad3cored;
				PRODUCT_NAME = "$(TARGET_NAME)";
				SWIFT_EMIT_LOC_STRINGS = YES;
				SWIFT_VERSION = 5.0;
				TARGETED_DEVICE_FAMILY = "1,2";
			};
			name = Debug;
		};
		D08E75962B34C2230019AA9A /* Release */ = {
			isa = XCBuildConfiguration;
			buildSettings = {
				ASSETCATALOG_COMPILER_APPICON_NAME = AppIcon;
				ASSETCATALOG_COMPILER_GLOBAL_ACCENT_COLOR_NAME = AccentColor;
				CODE_SIGN_STYLE = Automatic;
				CURRENT_PROJECT_VERSION = 1;
				DEVELOPMENT_ASSET_PATHS = "\"zad3cored/Preview Content\"";
				ENABLE_PREVIEWS = YES;
				GENERATE_INFOPLIST_FILE = YES;
				INFOPLIST_KEY_UIApplicationSceneManifest_Generation = YES;
				INFOPLIST_KEY_UIApplicationSupportsIndirectInputEvents = YES;
				INFOPLIST_KEY_UILaunchScreen_Generation = YES;
				INFOPLIST_KEY_UISupportedInterfaceOrientations_iPad = "UIInterfaceOrientationPortrait UIInterfaceOrientationPortraitUpsideDown UIInterfaceOrientationLandscapeLeft UIInterfaceOrientationLandscapeRight";
				INFOPLIST_KEY_UISupportedInterfaceOrientations_iPhone = "UIInterfaceOrientationPortrait UIInterfaceOrientationLandscapeLeft UIInterfaceOrientationLandscapeRight";
				LD_RUNPATH_SEARCH_PATHS = (
					"$(inherited)",
					"@executable_path/Frameworks",
				);
				MARKETING_VERSION = 1.0;
				PRODUCT_BUNDLE_IDENTIFIER = uj.zad3cored;
				PRODUCT_NAME = "$(TARGET_NAME)";
				SWIFT_EMIT_LOC_STRINGS = YES;
				SWIFT_VERSION = 5.0;
				TARGETED_DEVICE_FAMILY = "1,2";
			};
			name = Release;
		};
		D08E75982B34C2230019AA9A /* Debug */ = {
			isa = XCBuildConfiguration;
			buildSettings = {
				ALWAYS_EMBED_SWIFT_STANDARD_LIBRARIES = YES;
				BUNDLE_LOADER = "$(TEST_HOST)";
				CODE_SIGN_STYLE = Automatic;
				CURRENT_PROJECT_VERSION = 1;
				GENERATE_INFOPLIST_FILE = YES;
				IPHONEOS_DEPLOYMENT_TARGET = 17.0;
				MARKETING_VERSION = 1.0;
				PRODUCT_BUNDLE_IDENTIFIER = uj.zad3coredTests;
				PRODUCT_NAME = "$(TARGET_NAME)";
				SWIFT_EMIT_LOC_STRINGS = NO;
				SWIFT_VERSION = 5.0;
				TARGETED_DEVICE_FAMILY = "1,2";
				TEST_HOST = "$(BUILT_PRODUCTS_DIR)/zad3cored.app/$(BUNDLE_EXECUTABLE_FOLDER_PATH)/zad3cored";
			};
			name = Debug;
		};
		D08E75992B34C2230019AA9A /* Release */ = {
			isa = XCBuildConfiguration;
			buildSettings = {
				ALWAYS_EMBED_SWIFT_STANDARD_LIBRARIES = YES;
				BUNDLE_LOADER = "$(TEST_HOST)";
				CODE_SIGN_STYLE = Automatic;
				CURRENT_PROJECT_VERSION = 1;
				GENERATE_INFOPLIST_FILE = YES;
				IPHONEOS_DEPLOYMENT_TARGET = 17.0;
				MARKETING_VERSION = 1.0;
				PRODUCT_BUNDLE_IDENTIFIER = uj.zad3coredTests;
				PRODUCT_NAME = "$(TARGET_NAME)";
				SWIFT_EMIT_LOC_STRINGS = NO;
				SWIFT_VERSION = 5.0;
				TARGETED_DEVICE_FAMILY = "1,2";
				TEST_HOST = "$(BUILT_PRODUCTS_DIR)/zad3cored.app/$(BUNDLE_EXECUTABLE_FOLDER_PATH)/zad3cored";
			};
			name = Release;
		};
		D08E759B2B34C2230019AA9A /* Debug */ = {
			isa = XCBuildConfiguration;
			buildSettings = {
				ALWAYS_EMBED_SWIFT_STANDARD_LIBRARIES = YES;
				CODE_SIGN_STYLE = Automatic;
				CURRENT_PROJECT_VERSION = 1;
				GENERATE_INFOPLIST_FILE = YES;
				MARKETING_VERSION = 1.0;
				PRODUCT_BUNDLE_IDENTIFIER = uj.zad3coredUITests;
				PRODUCT_NAME = "$(TARGET_NAME)";
				SWIFT_EMIT_LOC_STRINGS = NO;
				SWIFT_VERSION = 5.0;
				TARGETED_DEVICE_FAMILY = "1,2";
				TEST_TARGET_NAME = zad3cored;
			};
			name = Debug;
		};
		D08E759C2B34C2230019AA9A /* Release */ = {
			isa = XCBuildConfiguration;
			buildSettings = {
				ALWAYS_EMBED_SWIFT_STANDARD_LIBRARIES = YES;
				CODE_SIGN_STYLE = Automatic;
				CURRENT_PROJECT_VERSION = 1;
				GENERATE_INFOPLIST_FILE = YES;
				MARKETING_VERSION = 1.0;
				PRODUCT_BUNDLE_IDENTIFIER = uj.zad3coredUITests;
				PRODUCT_NAME = "$(TARGET_NAME)";
				SWIFT_EMIT_LOC_STRINGS = NO;
				SWIFT_VERSION = 5.0;
				TARGETED_DEVICE_FAMILY = "1,2";
				TEST_TARGET_NAME = zad3cored;
			};
			name = Release;
		};
/* End XCBuildConfiguration section */

/* Begin XCConfigurationList section */
		D08E75662B34C2210019AA9A /* Build configuration list for PBXProject "zad3cored" */ = {
			isa = XCConfigurationList;
			buildConfigurations = (
				D08E75922B34C2230019AA9A /* Debug */,
				D08E75932B34C2230019AA9A /* Release */,
			);
			defaultConfigurationIsVisible = 0;
			defaultConfigurationName = Release;
		};
		D08E75942B34C2230019AA9A /* Build configuration list for PBXNativeTarget "zad3cored" */ = {
			isa = XCConfigurationList;
			buildConfigurations = (
				D08E75952B34C2230019AA9A /* Debug */,
				D08E75962B34C2230019AA9A /* Release */,
			);
			defaultConfigurationIsVisible = 0;
			defaultConfigurationName = Release;
		};
		D08E75972B34C2230019AA9A /* Build configuration list for PBXNativeTarget "zad3coredTests" */ = {
			isa = XCConfigurationList;
			buildConfigurations = (
				D08E75982B34C2230019AA9A /* Debug */,
				D08E75992B34C2230019AA9A /* Release */,
			);
			defaultConfigurationIsVisible = 0;
			defaultConfigurationName = Release;
		};
		D08E759A2B34C2230019AA9A /* Build configuration list for PBXNativeTarget "zad3coredUITests" */ = {
			isa = XCConfigurationList;
			buildConfigurations = (
				D08E759B2B34C2230019AA9A /* Debug */,
				D08E759C2B34C2230019AA9A /* Release */,
			);
			defaultConfigurationIsVisible = 0;
			defaultConfigurationName = Release;
		};
/* End XCConfigurationList section */

/* Begin XCVersionGroup section */
		D08E75792B34C2230019AA9A /* zad3cored.xcdatamodeld */ = {
			isa = XCVersionGroup;
			children = (
				D08E757A2B34C2230019AA9A /* zad3cored.xcdatamodel */,
			);
			currentVersion = D08E757A2B34C2230019AA9A /* zad3cored.xcdatamodel */;
			path = zad3cored.xcdatamodeld;
			sourceTree = "<group>";
			versionGroupType = wrapper.xcdatamodel;
		};
/* End XCVersionGroup section */
	};
	rootObject = D08E75632B34C2210019AA9A /* Project object */;
}
