// !$*UTF8*$!
{
	archiveVersion = 1;
	classes = {
	};
	objectVersion = 56;
	objects = {

/* Begin PBXBuildFile section */
		D0793B9B2B6975D4002F1A4B /* zad6App.swift in Sources */ = {isa = PBXBuildFile; fileRef = D0793B9A2B6975D4002F1A4B /* zad6App.swift */; };
		D0793B9F2B6975D6002F1A4B /* Assets.xcassets in Resources */ = {isa = PBXBuildFile; fileRef = D0793B9E2B6975D6002F1A4B /* Assets.xcassets */; };
		D0793BA22B6975D6002F1A4B /* Preview Assets.xcassets in Resources */ = {isa = PBXBuildFile; fileRef = D0793BA12B6975D6002F1A4B /* Preview Assets.xcassets */; };
		D0793BAC2B6975D6002F1A4B /* zad6Tests.swift in Sources */ = {isa = PBXBuildFile; fileRef = D0793BAB2B6975D6002F1A4B /* zad6Tests.swift */; };
		D0793BB62B6975D6002F1A4B /* zad6UITests.swift in Sources */ = {isa = PBXBuildFile; fileRef = D0793BB52B6975D6002F1A4B /* zad6UITests.swift */; };
		D0793BB82B6975D6002F1A4B /* zad6UITestsLaunchTests.swift in Sources */ = {isa = PBXBuildFile; fileRef = D0793BB72B6975D6002F1A4B /* zad6UITestsLaunchTests.swift */; };
		D0793BFB2B697F95002F1A4B /* ContentView.swift in Sources */ = {isa = PBXBuildFile; fileRef = D0793BFA2B697F95002F1A4B /* ContentView.swift */; };
		D0793BFD2B69A091002F1A4B /* PaymentView.swift in Sources */ = {isa = PBXBuildFile; fileRef = D0793BFC2B69A091002F1A4B /* PaymentView.swift */; };
		D0793BFF2B69A0F5002F1A4B /* CheckoutView.swift in Sources */ = {isa = PBXBuildFile; fileRef = D0793BFE2B69A0F5002F1A4B /* CheckoutView.swift */; };
		D0793C012B69A14E002F1A4B /* Models.swift in Sources */ = {isa = PBXBuildFile; fileRef = D0793C002B69A14E002F1A4B /* Models.swift */; };
/* End PBXBuildFile section */

/* Begin PBXContainerItemProxy section */
		D0793BA82B6975D6002F1A4B /* PBXContainerItemProxy */ = {
			isa = PBXContainerItemProxy;
			containerPortal = D0793B8F2B6975D4002F1A4B /* Project object */;
			proxyType = 1;
			remoteGlobalIDString = D0793B962B6975D4002F1A4B;
			remoteInfo = zad6;
		};
		D0793BB22B6975D6002F1A4B /* PBXContainerItemProxy */ = {
			isa = PBXContainerItemProxy;
			containerPortal = D0793B8F2B6975D4002F1A4B /* Project object */;
			proxyType = 1;
			remoteGlobalIDString = D0793B962B6975D4002F1A4B;
			remoteInfo = zad6;
		};
/* End PBXContainerItemProxy section */

/* Begin PBXFileReference section */
		D0793B972B6975D4002F1A4B /* zad6.app */ = {isa = PBXFileReference; explicitFileType = wrapper.application; includeInIndex = 0; path = zad6.app; sourceTree = BUILT_PRODUCTS_DIR; };
		D0793B9A2B6975D4002F1A4B /* zad6App.swift */ = {isa = PBXFileReference; lastKnownFileType = sourcecode.swift; path = zad6App.swift; sourceTree = "<group>"; };
		D0793B9E2B6975D6002F1A4B /* Assets.xcassets */ = {isa = PBXFileReference; lastKnownFileType = folder.assetcatalog; path = Assets.xcassets; sourceTree = "<group>"; };
		D0793BA12B6975D6002F1A4B /* Preview Assets.xcassets */ = {isa = PBXFileReference; lastKnownFileType = folder.assetcatalog; path = "Preview Assets.xcassets"; sourceTree = "<group>"; };
		D0793BA72B6975D6002F1A4B /* zad6Tests.xctest */ = {isa = PBXFileReference; explicitFileType = wrapper.cfbundle; includeInIndex = 0; path = zad6Tests.xctest; sourceTree = BUILT_PRODUCTS_DIR; };
		D0793BAB2B6975D6002F1A4B /* zad6Tests.swift */ = {isa = PBXFileReference; lastKnownFileType = sourcecode.swift; path = zad6Tests.swift; sourceTree = "<group>"; };
		D0793BB12B6975D6002F1A4B /* zad6UITests.xctest */ = {isa = PBXFileReference; explicitFileType = wrapper.cfbundle; includeInIndex = 0; path = zad6UITests.xctest; sourceTree = BUILT_PRODUCTS_DIR; };
		D0793BB52B6975D6002F1A4B /* zad6UITests.swift */ = {isa = PBXFileReference; lastKnownFileType = sourcecode.swift; path = zad6UITests.swift; sourceTree = "<group>"; };
		D0793BB72B6975D6002F1A4B /* zad6UITestsLaunchTests.swift */ = {isa = PBXFileReference; lastKnownFileType = sourcecode.swift; path = zad6UITestsLaunchTests.swift; sourceTree = "<group>"; };
		D0793BFA2B697F95002F1A4B /* ContentView.swift */ = {isa = PBXFileReference; lastKnownFileType = sourcecode.swift; path = ContentView.swift; sourceTree = "<group>"; };
		D0793BFC2B69A091002F1A4B /* PaymentView.swift */ = {isa = PBXFileReference; lastKnownFileType = sourcecode.swift; path = PaymentView.swift; sourceTree = "<group>"; };
		D0793BFE2B69A0F5002F1A4B /* CheckoutView.swift */ = {isa = PBXFileReference; lastKnownFileType = sourcecode.swift; path = CheckoutView.swift; sourceTree = "<group>"; };
		D0793C002B69A14E002F1A4B /* Models.swift */ = {isa = PBXFileReference; lastKnownFileType = sourcecode.swift; path = Models.swift; sourceTree = "<group>"; };
/* End PBXFileReference section */

/* Begin PBXFrameworksBuildPhase section */
		D0793B942B6975D4002F1A4B /* Frameworks */ = {
			isa = PBXFrameworksBuildPhase;
			buildActionMask = 2147483647;
			files = (
			);
			runOnlyForDeploymentPostprocessing = 0;
		};
		D0793BA42B6975D6002F1A4B /* Frameworks */ = {
			isa = PBXFrameworksBuildPhase;
			buildActionMask = 2147483647;
			files = (
			);
			runOnlyForDeploymentPostprocessing = 0;
		};
		D0793BAE2B6975D6002F1A4B /* Frameworks */ = {
			isa = PBXFrameworksBuildPhase;
			buildActionMask = 2147483647;
			files = (
			);
			runOnlyForDeploymentPostprocessing = 0;
		};
/* End PBXFrameworksBuildPhase section */

/* Begin PBXGroup section */
		D0793B8E2B6975D4002F1A4B = {
			isa = PBXGroup;
			children = (
				D0793B992B6975D4002F1A4B /* zad6 */,
				D0793BAA2B6975D6002F1A4B /* zad6Tests */,
				D0793BB42B6975D6002F1A4B /* zad6UITests */,
				D0793B982B6975D4002F1A4B /* Products */,
			);
			sourceTree = "<group>";
		};
		D0793B982B6975D4002F1A4B /* Products */ = {
			isa = PBXGroup;
			children = (
				D0793B972B6975D4002F1A4B /* zad6.app */,
				D0793BA72B6975D6002F1A4B /* zad6Tests.xctest */,
				D0793BB12B6975D6002F1A4B /* zad6UITests.xctest */,
			);
			name = Products;
			sourceTree = "<group>";
		};
		D0793B992B6975D4002F1A4B /* zad6 */ = {
			isa = PBXGroup;
			children = (
				D0793B9A2B6975D4002F1A4B /* zad6App.swift */,
				D0793B9E2B6975D6002F1A4B /* Assets.xcassets */,
				D0793BA02B6975D6002F1A4B /* Preview Content */,
				D0793BFA2B697F95002F1A4B /* ContentView.swift */,
				D0793BFC2B69A091002F1A4B /* PaymentView.swift */,
				D0793BFE2B69A0F5002F1A4B /* CheckoutView.swift */,
				D0793C002B69A14E002F1A4B /* Models.swift */,
			);
			path = zad6;
			sourceTree = "<group>";
		};
		D0793BA02B6975D6002F1A4B /* Preview Content */ = {
			isa = PBXGroup;
			children = (
				D0793BA12B6975D6002F1A4B /* Preview Assets.xcassets */,
			);
			path = "Preview Content";
			sourceTree = "<group>";
		};
		D0793BAA2B6975D6002F1A4B /* zad6Tests */ = {
			isa = PBXGroup;
			children = (
				D0793BAB2B6975D6002F1A4B /* zad6Tests.swift */,
			);
			path = zad6Tests;
			sourceTree = "<group>";
		};
		D0793BB42B6975D6002F1A4B /* zad6UITests */ = {
			isa = PBXGroup;
			children = (
				D0793BB52B6975D6002F1A4B /* zad6UITests.swift */,
				D0793BB72B6975D6002F1A4B /* zad6UITestsLaunchTests.swift */,
			);
			path = zad6UITests;
			sourceTree = "<group>";
		};
/* End PBXGroup section */

/* Begin PBXNativeTarget section */
		D0793B962B6975D4002F1A4B /* zad6 */ = {
			isa = PBXNativeTarget;
			buildConfigurationList = D0793BBB2B6975D6002F1A4B /* Build configuration list for PBXNativeTarget "zad6" */;
			buildPhases = (
				D0793B932B6975D4002F1A4B /* Sources */,
				D0793B942B6975D4002F1A4B /* Frameworks */,
				D0793B952B6975D4002F1A4B /* Resources */,
			);
			buildRules = (
			);
			dependencies = (
			);
			name = zad6;
			productName = zad6;
			productReference = D0793B972B6975D4002F1A4B /* zad6.app */;
			productType = "com.apple.product-type.application";
		};
		D0793BA62B6975D6002F1A4B /* zad6Tests */ = {
			isa = PBXNativeTarget;
			buildConfigurationList = D0793BBE2B6975D6002F1A4B /* Build configuration list for PBXNativeTarget "zad6Tests" */;
			buildPhases = (
				D0793BA32B6975D6002F1A4B /* Sources */,
				D0793BA42B6975D6002F1A4B /* Frameworks */,
				D0793BA52B6975D6002F1A4B /* Resources */,
			);
			buildRules = (
			);
			dependencies = (
				D0793BA92B6975D6002F1A4B /* PBXTargetDependency */,
			);
			name = zad6Tests;
			productName = zad6Tests;
			productReference = D0793BA72B6975D6002F1A4B /* zad6Tests.xctest */;
			productType = "com.apple.product-type.bundle.unit-test";
		};
		D0793BB02B6975D6002F1A4B /* zad6UITests */ = {
			isa = PBXNativeTarget;
			buildConfigurationList = D0793BC12B6975D6002F1A4B /* Build configuration list for PBXNativeTarget "zad6UITests" */;
			buildPhases = (
				D0793BAD2B6975D6002F1A4B /* Sources */,
				D0793BAE2B6975D6002F1A4B /* Frameworks */,
				D0793BAF2B6975D6002F1A4B /* Resources */,
			);
			buildRules = (
			);
			dependencies = (
				D0793BB32B6975D6002F1A4B /* PBXTargetDependency */,
			);
			name = zad6UITests;
			productName = zad6UITests;
			productReference = D0793BB12B6975D6002F1A4B /* zad6UITests.xctest */;
			productType = "com.apple.product-type.bundle.ui-testing";
		};
/* End PBXNativeTarget section */

/* Begin PBXProject section */
		D0793B8F2B6975D4002F1A4B /* Project object */ = {
			isa = PBXProject;
			attributes = {
				BuildIndependentTargetsInParallel = 1;
				LastSwiftUpdateCheck = 1500;
				LastUpgradeCheck = 1500;
				TargetAttributes = {
					D0793B962B6975D4002F1A4B = {
						CreatedOnToolsVersion = 15.0.1;
					};
					D0793BA62B6975D6002F1A4B = {
						CreatedOnToolsVersion = 15.0.1;
						TestTargetID = D0793B962B6975D4002F1A4B;
					};
					D0793BB02B6975D6002F1A4B = {
						CreatedOnToolsVersion = 15.0.1;
						TestTargetID = D0793B962B6975D4002F1A4B;
					};
				};
			};
			buildConfigurationList = D0793B922B6975D4002F1A4B /* Build configuration list for PBXProject "zad6" */;
			compatibilityVersion = "Xcode 14.0";
			developmentRegion = en;
			hasScannedForEncodings = 0;
			knownRegions = (
				en,
				Base,
			);
			mainGroup = D0793B8E2B6975D4002F1A4B;
			productRefGroup = D0793B982B6975D4002F1A4B /* Products */;
			projectDirPath = "";
			projectRoot = "";
			targets = (
				D0793B962B6975D4002F1A4B /* zad6 */,
				D0793BA62B6975D6002F1A4B /* zad6Tests */,
				D0793BB02B6975D6002F1A4B /* zad6UITests */,
			);
		};
/* End PBXProject section */

/* Begin PBXResourcesBuildPhase section */
		D0793B952B6975D4002F1A4B /* Resources */ = {
			isa = PBXResourcesBuildPhase;
			buildActionMask = 2147483647;
			files = (
				D0793BA22B6975D6002F1A4B /* Preview Assets.xcassets in Resources */,
				D0793B9F2B6975D6002F1A4B /* Assets.xcassets in Resources */,
			);
			runOnlyForDeploymentPostprocessing = 0;
		};
		D0793BA52B6975D6002F1A4B /* Resources */ = {
			isa = PBXResourcesBuildPhase;
			buildActionMask = 2147483647;
			files = (
			);
			runOnlyForDeploymentPostprocessing = 0;
		};
		D0793BAF2B6975D6002F1A4B /* Resources */ = {
			isa = PBXResourcesBuildPhase;
			buildActionMask = 2147483647;
			files = (
			);
			runOnlyForDeploymentPostprocessing = 0;
		};
/* End PBXResourcesBuildPhase section */

/* Begin PBXSourcesBuildPhase section */
		D0793B932B6975D4002F1A4B /* Sources */ = {
			isa = PBXSourcesBuildPhase;
			buildActionMask = 2147483647;
			files = (
				D0793BFB2B697F95002F1A4B /* ContentView.swift in Sources */,
				D0793BFD2B69A091002F1A4B /* PaymentView.swift in Sources */,
				D0793BFF2B69A0F5002F1A4B /* CheckoutView.swift in Sources */,
				D0793B9B2B6975D4002F1A4B /* zad6App.swift in Sources */,
				D0793C012B69A14E002F1A4B /* Models.swift in Sources */,
			);
			runOnlyForDeploymentPostprocessing = 0;
		};
		D0793BA32B6975D6002F1A4B /* Sources */ = {
			isa = PBXSourcesBuildPhase;
			buildActionMask = 2147483647;
			files = (
				D0793BAC2B6975D6002F1A4B /* zad6Tests.swift in Sources */,
			);
			runOnlyForDeploymentPostprocessing = 0;
		};
		D0793BAD2B6975D6002F1A4B /* Sources */ = {
			isa = PBXSourcesBuildPhase;
			buildActionMask = 2147483647;
			files = (
				D0793BB62B6975D6002F1A4B /* zad6UITests.swift in Sources */,
				D0793BB82B6975D6002F1A4B /* zad6UITestsLaunchTests.swift in Sources */,
			);
			runOnlyForDeploymentPostprocessing = 0;
		};
/* End PBXSourcesBuildPhase section */

/* Begin PBXTargetDependency section */
		D0793BA92B6975D6002F1A4B /* PBXTargetDependency */ = {
			isa = PBXTargetDependency;
			target = D0793B962B6975D4002F1A4B /* zad6 */;
			targetProxy = D0793BA82B6975D6002F1A4B /* PBXContainerItemProxy */;
		};
		D0793BB32B6975D6002F1A4B /* PBXTargetDependency */ = {
			isa = PBXTargetDependency;
			target = D0793B962B6975D4002F1A4B /* zad6 */;
			targetProxy = D0793BB22B6975D6002F1A4B /* PBXContainerItemProxy */;
		};
/* End PBXTargetDependency section */

/* Begin XCBuildConfiguration section */
		D0793BB92B6975D6002F1A4B /* Debug */ = {
			isa = XCBuildConfiguration;
			buildSettings = {
				ALWAYS_SEARCH_USER_PATHS = NO;
				ASSETCATALOG_COMPILER_GENERATE_SWIFT_ASSET_SYMBOL_EXTENSIONS = YES;
				CLANG_ANALYZER_NONNULL = YES;
				CLANG_ANALYZER_NUMBER_OBJECT_CONVERSION = YES_AGGRESSIVE;
				CLANG_CXX_LANGUAGE_STANDARD = "gnu++20";
				CLANG_ENABLE_MODULES = YES;
				CLANG_ENABLE_OBJC_ARC = YES;
				CLANG_ENABLE_OBJC_WEAK = YES;
				CLANG_WARN_BLOCK_CAPTURE_AUTORELEASING = YES;
				CLANG_WARN_BOOL_CONVERSION = YES;
				CLANG_WARN_COMMA = YES;
				CLANG_WARN_CONSTANT_CONVERSION = YES;
				CLANG_WARN_DEPRECATED_OBJC_IMPLEMENTATIONS = YES;
				CLANG_WARN_DIRECT_OBJC_ISA_USAGE = YES_ERROR;
				CLANG_WARN_DOCUMENTATION_COMMENTS = YES;
				CLANG_WARN_EMPTY_BODY = YES;
				CLANG_WARN_ENUM_CONVERSION = YES;
				CLANG_WARN_INFINITE_RECURSION = YES;
				CLANG_WARN_INT_CONVERSION = YES;
				CLANG_WARN_NON_LITERAL_NULL_CONVERSION = YES;
				CLANG_WARN_OBJC_IMPLICIT_RETAIN_SELF = YES;
				CLANG_WARN_OBJC_LITERAL_CONVERSION = YES;
				CLANG_WARN_OBJC_ROOT_CLASS = YES_ERROR;
				CLANG_WARN_QUOTED_INCLUDE_IN_FRAMEWORK_HEADER = YES;
				CLANG_WARN_RANGE_LOOP_ANALYSIS = YES;
				CLANG_WARN_STRICT_PROTOTYPES = YES;
				CLANG_WARN_SUSPICIOUS_MOVE = YES;
				CLANG_WARN_UNGUARDED_AVAILABILITY = YES_AGGRESSIVE;
				CLANG_WARN_UNREACHABLE_CODE = YES;
				CLANG_WARN__DUPLICATE_METHOD_MATCH = YES;
				COPY_PHASE_STRIP = NO;
				DEBUG_INFORMATION_FORMAT = dwarf;
				ENABLE_STRICT_OBJC_MSGSEND = YES;
				ENABLE_TESTABILITY = YES;
				ENABLE_USER_SCRIPT_SANDBOXING = YES;
				GCC_C_LANGUAGE_STANDARD = gnu17;
				GCC_DYNAMIC_NO_PIC = NO;
				GCC_NO_COMMON_BLOCKS = YES;
				GCC_OPTIMIZATION_LEVEL = 0;
				GCC_PREPROCESSOR_DEFINITIONS = (
					"DEBUG=1",
					"$(inherited)",
				);
				GCC_WARN_64_TO_32_BIT_CONVERSION = YES;
				GCC_WARN_ABOUT_RETURN_TYPE = YES_ERROR;
				GCC_WARN_UNDECLARED_SELECTOR = YES;
				GCC_WARN_UNINITIALIZED_AUTOS = YES_AGGRESSIVE;
				GCC_WARN_UNUSED_FUNCTION = YES;
				GCC_WARN_UNUSED_VARIABLE = YES;
				IPHONEOS_DEPLOYMENT_TARGET = 17.0;
				LOCALIZATION_PREFERS_STRING_CATALOGS = YES;
				MTL_ENABLE_DEBUG_INFO = INCLUDE_SOURCE;
				MTL_FAST_MATH = YES;
				ONLY_ACTIVE_ARCH = YES;
				SDKROOT = iphoneos;
				SWIFT_ACTIVE_COMPILATION_CONDITIONS = "DEBUG $(inherited)";
				SWIFT_OPTIMIZATION_LEVEL = "-Onone";
			};
			name = Debug;
		};
		D0793BBA2B6975D6002F1A4B /* Release */ = {
			isa = XCBuildConfiguration;
			buildSettings = {
				ALWAYS_SEARCH_USER_PATHS = NO;
				ASSETCATALOG_COMPILER_GENERATE_SWIFT_ASSET_SYMBOL_EXTENSIONS = YES;
				CLANG_ANALYZER_NONNULL = YES;
				CLANG_ANALYZER_NUMBER_OBJECT_CONVERSION = YES_AGGRESSIVE;
				CLANG_CXX_LANGUAGE_STANDARD = "gnu++20";
				CLANG_ENABLE_MODULES = YES;
				CLANG_ENABLE_OBJC_ARC = YES;
				CLANG_ENABLE_OBJC_WEAK = YES;
				CLANG_WARN_BLOCK_CAPTURE_AUTORELEASING = YES;
				CLANG_WARN_BOOL_CONVERSION = YES;
				CLANG_WARN_COMMA = YES;
				CLANG_WARN_CONSTANT_CONVERSION = YES;
				CLANG_WARN_DEPRECATED_OBJC_IMPLEMENTATIONS = YES;
				CLANG_WARN_DIRECT_OBJC_ISA_USAGE = YES_ERROR;
				CLANG_WARN_DOCUMENTATION_COMMENTS = YES;
				CLANG_WARN_EMPTY_BODY = YES;
				CLANG_WARN_ENUM_CONVERSION = YES;
				CLANG_WARN_INFINITE_RECURSION = YES;
				CLANG_WARN_INT_CONVERSION = YES;
				CLANG_WARN_NON_LITERAL_NULL_CONVERSION = YES;
				CLANG_WARN_OBJC_IMPLICIT_RETAIN_SELF = YES;
				CLANG_WARN_OBJC_LITERAL_CONVERSION = YES;
				CLANG_WARN_OBJC_ROOT_CLASS = YES_ERROR;
				CLANG_WARN_QUOTED_INCLUDE_IN_FRAMEWORK_HEADER = YES;
				CLANG_WARN_RANGE_LOOP_ANALYSIS = YES;
				CLANG_WARN_STRICT_PROTOTYPES = YES;
				CLANG_WARN_SUSPICIOUS_MOVE = YES;
				CLANG_WARN_UNGUARDED_AVAILABILITY = YES_AGGRESSIVE;
				CLANG_WARN_UNREACHABLE_CODE = YES;
				CLANG_WARN__DUPLICATE_METHOD_MATCH = YES;
				COPY_PHASE_STRIP = NO;
				DEBUG_INFORMATION_FORMAT = "dwarf-with-dsym";
				ENABLE_NS_ASSERTIONS = NO;
				ENABLE_STRICT_OBJC_MSGSEND = YES;
				ENABLE_USER_SCRIPT_SANDBOXING = YES;
				GCC_C_LANGUAGE_STANDARD = gnu17;
				GCC_NO_COMMON_BLOCKS = YES;
				GCC_WARN_64_TO_32_BIT_CONVERSION = YES;
				GCC_WARN_ABOUT_RETURN_TYPE = YES_ERROR;
				GCC_WARN_UNDECLARED_SELECTOR = YES;
				GCC_WARN_UNINITIALIZED_AUTOS = YES_AGGRESSIVE;
				GCC_WARN_UNUSED_FUNCTION = YES;
				GCC_WARN_UNUSED_VARIABLE = YES;
				IPHONEOS_DEPLOYMENT_TARGET = 17.0;
				LOCALIZATION_PREFERS_STRING_CATALOGS = YES;
				MTL_ENABLE_DEBUG_INFO = NO;
				MTL_FAST_MATH = YES;
				SDKROOT = iphoneos;
				SWIFT_COMPILATION_MODE = wholemodule;
				VALIDATE_PRODUCT = YES;
			};
			name = Release;
		};
		D0793BBC2B6975D6002F1A4B /* Debug */ = {
			isa = XCBuildConfiguration;
			buildSettings = {
				ASSETCATALOG_COMPILER_APPICON_NAME = AppIcon;
				ASSETCATALOG_COMPILER_GLOBAL_ACCENT_COLOR_NAME = AccentColor;
				CODE_SIGN_STYLE = Automatic;
				CURRENT_PROJECT_VERSION = 1;
				DEVELOPMENT_ASSET_PATHS = "\"zad6/Preview Content\"";
				ENABLE_PREVIEWS = YES;
				GENERATE_INFOPLIST_FILE = YES;
				INFOPLIST_KEY_UIApplicationSceneManifest_Generation = YES;
				INFOPLIST_KEY_UIApplicationSupportsIndirectInputEvents = YES;
				INFOPLIST_KEY_UILaunchScreen_Generation = YES;
				INFOPLIST_KEY_UISupportedInterfaceOrientations_iPad = "UIInterfaceOrientationPortrait UIInterfaceOrientationPortraitUpsideDown UIInterfaceOrientationLandscapeLeft UIInterfaceOrientationLandscapeRight";
				INFOPLIST_KEY_UISupportedInterfaceOrientations_iPhone = "UIInterfaceOrientationPortrait UIInterfaceOrientationLandscapeLeft UIInterfaceOrientationLandscapeRight";
				LD_RUNPATH_SEARCH_PATHS = (
					"$(inherited)",
					"@executable_path/Frameworks",
				);
				MARKETING_VERSION = 1.0;
				PRODUCT_BUNDLE_IDENTIFIER = uj.zad6;
				PRODUCT_NAME = "$(TARGET_NAME)";
				SWIFT_EMIT_LOC_STRINGS = YES;
				SWIFT_VERSION = 5.0;
				TARGETED_DEVICE_FAMILY = "1,2";
			};
			name = Debug;
		};
		D0793BBD2B6975D6002F1A4B /* Release */ = {
			isa = XCBuildConfiguration;
			buildSettings = {
				ASSETCATALOG_COMPILER_APPICON_NAME = AppIcon;
				ASSETCATALOG_COMPILER_GLOBAL_ACCENT_COLOR_NAME = AccentColor;
				CODE_SIGN_STYLE = Automatic;
				CURRENT_PROJECT_VERSION = 1;
				DEVELOPMENT_ASSET_PATHS = "\"zad6/Preview Content\"";
				ENABLE_PREVIEWS = YES;
				GENERATE_INFOPLIST_FILE = YES;
				INFOPLIST_KEY_UIApplicationSceneManifest_Generation = YES;
				INFOPLIST_KEY_UIApplicationSupportsIndirectInputEvents = YES;
				INFOPLIST_KEY_UILaunchScreen_Generation = YES;
				INFOPLIST_KEY_UISupportedInterfaceOrientations_iPad = "UIInterfaceOrientationPortrait UIInterfaceOrientationPortraitUpsideDown UIInterfaceOrientationLandscapeLeft UIInterfaceOrientationLandscapeRight";
				INFOPLIST_KEY_UISupportedInterfaceOrientations_iPhone = "UIInterfaceOrientationPortrait UIInterfaceOrientationLandscapeLeft UIInterfaceOrientationLandscapeRight";
				LD_RUNPATH_SEARCH_PATHS = (
					"$(inherited)",
					"@executable_path/Frameworks",
				);
				MARKETING_VERSION = 1.0;
				PRODUCT_BUNDLE_IDENTIFIER = uj.zad6;
				PRODUCT_NAME = "$(TARGET_NAME)";
				SWIFT_EMIT_LOC_STRINGS = YES;
				SWIFT_VERSION = 5.0;
				TARGETED_DEVICE_FAMILY = "1,2";
			};
			name = Release;
		};
		D0793BBF2B6975D6002F1A4B /* Debug */ = {
			isa = XCBuildConfiguration;
			buildSettings = {
				ALWAYS_EMBED_SWIFT_STANDARD_LIBRARIES = YES;
				BUNDLE_LOADER = "$(TEST_HOST)";
				CODE_SIGN_STYLE = Automatic;
				CURRENT_PROJECT_VERSION = 1;
				GENERATE_INFOPLIST_FILE = YES;
				IPHONEOS_DEPLOYMENT_TARGET = 17.0;
				MARKETING_VERSION = 1.0;
				PRODUCT_BUNDLE_IDENTIFIER = uj.zad6Tests;
				PRODUCT_NAME = "$(TARGET_NAME)";
				SWIFT_EMIT_LOC_STRINGS = NO;
				SWIFT_VERSION = 5.0;
				TARGETED_DEVICE_FAMILY = "1,2";
				TEST_HOST = "$(BUILT_PRODUCTS_DIR)/zad6.app/$(BUNDLE_EXECUTABLE_FOLDER_PATH)/zad6";
			};
			name = Debug;
		};
		D0793BC02B6975D6002F1A4B /* Release */ = {
			isa = XCBuildConfiguration;
			buildSettings = {
				ALWAYS_EMBED_SWIFT_STANDARD_LIBRARIES = YES;
				BUNDLE_LOADER = "$(TEST_HOST)";
				CODE_SIGN_STYLE = Automatic;
				CURRENT_PROJECT_VERSION = 1;
				GENERATE_INFOPLIST_FILE = YES;
				IPHONEOS_DEPLOYMENT_TARGET = 17.0;
				MARKETING_VERSION = 1.0;
				PRODUCT_BUNDLE_IDENTIFIER = uj.zad6Tests;
				PRODUCT_NAME = "$(TARGET_NAME)";
				SWIFT_EMIT_LOC_STRINGS = NO;
				SWIFT_VERSION = 5.0;
				TARGETED_DEVICE_FAMILY = "1,2";
				TEST_HOST = "$(BUILT_PRODUCTS_DIR)/zad6.app/$(BUNDLE_EXECUTABLE_FOLDER_PATH)/zad6";
			};
			name = Release;
		};
		D0793BC22B6975D6002F1A4B /* Debug */ = {
			isa = XCBuildConfiguration;
			buildSettings = {
				ALWAYS_EMBED_SWIFT_STANDARD_LIBRARIES = YES;
				CODE_SIGN_STYLE = Automatic;
				CURRENT_PROJECT_VERSION = 1;
				GENERATE_INFOPLIST_FILE = YES;
				MARKETING_VERSION = 1.0;
				PRODUCT_BUNDLE_IDENTIFIER = uj.zad6UITests;
				PRODUCT_NAME = "$(TARGET_NAME)";
				SWIFT_EMIT_LOC_STRINGS = NO;
				SWIFT_VERSION = 5.0;
				TARGETED_DEVICE_FAMILY = "1,2";
				TEST_TARGET_NAME = zad6;
			};
			name = Debug;
		};
		D0793BC32B6975D6002F1A4B /* Release */ = {
			isa = XCBuildConfiguration;
			buildSettings = {
				ALWAYS_EMBED_SWIFT_STANDARD_LIBRARIES = YES;
				CODE_SIGN_STYLE = Automatic;
				CURRENT_PROJECT_VERSION = 1;
				GENERATE_INFOPLIST_FILE = YES;
				MARKETING_VERSION = 1.0;
				PRODUCT_BUNDLE_IDENTIFIER = uj.zad6UITests;
				PRODUCT_NAME = "$(TARGET_NAME)";
				SWIFT_EMIT_LOC_STRINGS = NO;
				SWIFT_VERSION = 5.0;
				TARGETED_DEVICE_FAMILY = "1,2";
				TEST_TARGET_NAME = zad6;
			};
			name = Release;
		};
/* End XCBuildConfiguration section */

/* Begin XCConfigurationList section */
		D0793B922B6975D4002F1A4B /* Build configuration list for PBXProject "zad6" */ = {
			isa = XCConfigurationList;
			buildConfigurations = (
				D0793BB92B6975D6002F1A4B /* Debug */,
				D0793BBA2B6975D6002F1A4B /* Release */,
			);
			defaultConfigurationIsVisible = 0;
			defaultConfigurationName = Release;
		};
		D0793BBB2B6975D6002F1A4B /* Build configuration list for PBXNativeTarget "zad6" */ = {
			isa = XCConfigurationList;
			buildConfigurations = (
				D0793BBC2B6975D6002F1A4B /* Debug */,
				D0793BBD2B6975D6002F1A4B /* Release */,
			);
			defaultConfigurationIsVisible = 0;
			defaultConfigurationName = Release;
		};
		D0793BBE2B6975D6002F1A4B /* Build configuration list for PBXNativeTarget "zad6Tests" */ = {
			isa = XCConfigurationList;
			buildConfigurations = (
				D0793BBF2B6975D6002F1A4B /* Debug */,
				D0793BC02B6975D6002F1A4B /* Release */,
			);
			defaultConfigurationIsVisible = 0;
			defaultConfigurationName = Release;
		};
		D0793BC12B6975D6002F1A4B /* Build configuration list for PBXNativeTarget "zad6UITests" */ = {
			isa = XCConfigurationList;
			buildConfigurations = (
				D0793BC22B6975D6002F1A4B /* Debug */,
				D0793BC32B6975D6002F1A4B /* Release */,
			);
			defaultConfigurationIsVisible = 0;
			defaultConfigurationName = Release;
		};
/* End XCConfigurationList section */
	};
	rootObject = D0793B8F2B6975D4002F1A4B /* Project object */;
}
